
Microsoft Visual Studio Solution File, Format Version 12.00
# Visual Studio 14
VisualStudioVersion = 14.0.23107.0
MinimumVisualStudioVersion = 10.0.40219.1
Project("{FAE04EC0-301F-11D3-BF4B-00C04F79EFBC}") = "ToothFairyWeb", "ToothFairyWeb\ToothFairyWeb.csproj", "{B9C77436-38B3-4590-9AD2-28CDD74C0E7D}"
EndProject
Project("{FAE04EC0-301F-11D3-BF4B-00C04F79EFBC}") = "ToothFairyWeb.Tests", "ToothFairyWeb.Tests\ToothFairyWeb.Tests.csproj", "{0784563A-9127-4ED9-B9E3-3AEF723919D5}"
EndProject
Global
	GlobalSection(SolutionConfigurationPlatforms) = preSolution
		Debug|Any CPU = Debug|Any CPU
		Release|Any CPU = Release|Any CPU
	EndGlobalSection
	GlobalSection(ProjectConfigurationPlatforms) = postSolution
		{B9C77436-38B3-4590-9AD2-28CDD74C0E7D}.Debug|Any CPU.ActiveCfg = Debug|Any CPU
		{B9C77436-38B3-4590-9AD2-28CDD74C0E7D}.Debug|Any CPU.Build.0 = Debug|Any CPU
		{B9C77436-38B3-4590-9AD2-28CDD74C0E7D}.Release|Any CPU.ActiveCfg = Release|Any CPU
		{B9C77436-38B3-4590-9AD2-28CDD74C0E7D}.Release|Any CPU.Build.0 = Release|Any CPU
		{0784563A-9127-4ED9-B9E3-3AEF723919D5}.Debug|Any CPU.ActiveCfg = Debug|Any CPU
		{0784563A-9127-4ED9-B9E3-3AEF723919D5}.Debug|Any CPU.Build.0 = Debug|Any CPU
		{0784563A-9127-4ED9-B9E3-3AEF723919D5}.Release|Any CPU.ActiveCfg = Release|Any CPU
		{0784563A-9127-4ED9-B9E3-3AEF723919D5}.Release|Any CPU.Build.0 = Release|Any CPU
	EndGlobalSection
	GlobalSection(SolutionProperties) = preSolution
		HideSolutionNode = FALSE
	EndGlobalSection
EndGlobal
